
Microsoft Visual Studio Solution File, Format Version 12.00
# Visual Studio Version 17
VisualStudioVersion = 17.4.33205.214
MinimumVisualStudioVersion = 10.0.40219.1
Project("{FAE04EC0-301F-11D3-BF4B-00C04F79EFBC}") = "HelloWorldDemo", "HelloWorldDemo\HelloWorldDemo.csproj", "{469D9E21-8175-45FD-B4DB-236F602934E7}"
EndProject
Global
	GlobalSection(SolutionConfigurationPlatforms) = preSolution
		Debug|Any CPU = Debug|Any CPU
		Release|Any CPU = Release|Any CPU
	EndGlobalSection
	GlobalSection(ProjectConfigurationPlatforms) = postSolution
		{469D9E21-8175-45FD-B4DB-236F602934E7}.Debug|Any CPU.ActiveCfg = Debug|Any CPU
		{469D9E21-8175-45FD-B4DB-236F602934E7}.Debug|Any CPU.Build.0 = Debug|Any CPU
		{469D9E21-8175-45FD-B4DB-236F602934E7}.Release|Any CPU.ActiveCfg = Release|Any CPU
		{469D9E21-8175-45FD-B4DB-236F602934E7}.Release|Any CPU.Build.0 = Release|Any CPU
	EndGlobalSection
	GlobalSection(SolutionProperties) = preSolution
		HideSolutionNode = FALSE
	EndGlobalSection
	GlobalSection(ExtensibilityGlobals) = postSolution
		SolutionGuid = {39D9B547-7BA3-4CE8-932F-977860715B90}
	EndGlobalSection
EndGlobal
